
Microsoft Visual Studio Solution File, Format Version 12.00
Project("{FAE04EC0-301F-11D3-BF4B-00C04F79EFBC}") = "DynamicAABB", "DynamicAABB\DynamicAABB.csproj", "{C5634519-B87A-4497-9F9E-DA0B919BCDCD}"
EndProject
Global
	GlobalSection(SolutionConfigurationPlatforms) = preSolution
		Debug|Any CPU = Debug|Any CPU
		Release|Any CPU = Release|Any CPU
	EndGlobalSection
	GlobalSection(ProjectConfigurationPlatforms) = postSolution
		{C5634519-B87A-4497-9F9E-DA0B919BCDCD}.Debug|Any CPU.ActiveCfg = Debug|Any CPU
		{C5634519-B87A-4497-9F9E-DA0B919BCDCD}.Debug|Any CPU.Build.0 = Debug|Any CPU
		{C5634519-B87A-4497-9F9E-DA0B919BCDCD}.Release|Any CPU.ActiveCfg = Release|Any CPU
		{C5634519-B87A-4497-9F9E-DA0B919BCDCD}.Release|Any CPU.Build.0 = Release|Any CPU
	EndGlobalSection
EndGlobal
